// !$*UTF8*$!
{
	archiveVersion = 1;
	classes = {
	};
	objectVersion = 56;
	objects = {

/* Begin PBXBuildFile section */
		CA83A2B02BF9B5B700D5C48F /* BriefAdventuresApp.swift in Sources */ = {isa = PBXBuildFile; fileRef = CA83A2AF2BF9B5B700D5C48F /* BriefAdventuresApp.swift */; };
		CA83A2B22BF9B5B700D5C48F /* ContentView.swift in Sources */ = {isa = PBXBuildFile; fileRef = CA83A2B12BF9B5B700D5C48F /* ContentView.swift */; };
		CA83A2B42BF9B5B700D5C48F /* Item.swift in Sources */ = {isa = PBXBuildFile; fileRef = CA83A2B32BF9B5B700D5C48F /* Item.swift */; };
		CA83A2B62BF9B5B800D5C48F /* Assets.xcassets in Resources */ = {isa = PBXBuildFile; fileRef = CA83A2B52BF9B5B800D5C48F /* Assets.xcassets */; };
		CA83A2B92BF9B5B800D5C48F /* Preview Assets.xcassets in Resources */ = {isa = PBXBuildFile; fileRef = CA83A2B82BF9B5B800D5C48F /* Preview Assets.xcassets */; };
		CA83A2C32BF9B5B800D5C48F /* BriefAdventuresTests.swift in Sources */ = {isa = PBXBuildFile; fileRef = CA83A2C22BF9B5B800D5C48F /* BriefAdventuresTests.swift */; };
		CA83A2CD2BF9B5B800D5C48F /* BriefAdventuresUITests.swift in Sources */ = {isa = PBXBuildFile; fileRef = CA83A2CC2BF9B5B800D5C48F /* BriefAdventuresUITests.swift */; };
		CA83A2CF2BF9B5B800D5C48F /* BriefAdventuresUITestsLaunchTests.swift in Sources */ = {isa = PBXBuildFile; fileRef = CA83A2CE2BF9B5B800D5C48F /* BriefAdventuresUITestsLaunchTests.swift */; };
		CA83A2DC2BF9B5C300D5C48F /* RoomView.swift in Sources */ = {isa = PBXBuildFile; fileRef = CA83A2DB2BF9B5C300D5C48F /* RoomView.swift */; };
/* End PBXBuildFile section */

/* Begin PBXContainerItemProxy section */
		CA83A2BF2BF9B5B800D5C48F /* PBXContainerItemProxy */ = {
			isa = PBXContainerItemProxy;
			containerPortal = CA83A2A42BF9B5B700D5C48F /* Project object */;
			proxyType = 1;
			remoteGlobalIDString = CA83A2AB2BF9B5B700D5C48F;
			remoteInfo = BriefAdventures;
		};
		CA83A2C92BF9B5B800D5C48F /* PBXContainerItemProxy */ = {
			isa = PBXContainerItemProxy;
			containerPortal = CA83A2A42BF9B5B700D5C48F /* Project object */;
			proxyType = 1;
			remoteGlobalIDString = CA83A2AB2BF9B5B700D5C48F;
			remoteInfo = BriefAdventures;
		};
/* End PBXContainerItemProxy section */

/* Begin PBXFileReference section */
		CA83A2AC2BF9B5B700D5C48F /* BriefAdventures.app */ = {isa = PBXFileReference; explicitFileType = wrapper.application; includeInIndex = 0; path = BriefAdventures.app; sourceTree = BUILT_PRODUCTS_DIR; };
		CA83A2AF2BF9B5B700D5C48F /* BriefAdventuresApp.swift */ = {isa = PBXFileReference; lastKnownFileType = sourcecode.swift; path = BriefAdventuresApp.swift; sourceTree = "<group>"; };
		CA83A2B12BF9B5B700D5C48F /* ContentView.swift */ = {isa = PBXFileReference; lastKnownFileType = sourcecode.swift; path = ContentView.swift; sourceTree = "<group>"; };
		CA83A2B32BF9B5B700D5C48F /* Item.swift */ = {isa = PBXFileReference; lastKnownFileType = sourcecode.swift; path = Item.swift; sourceTree = "<group>"; };
		CA83A2B52BF9B5B800D5C48F /* Assets.xcassets */ = {isa = PBXFileReference; lastKnownFileType = folder.assetcatalog; path = Assets.xcassets; sourceTree = "<group>"; };
		CA83A2B82BF9B5B800D5C48F /* Preview Assets.xcassets */ = {isa = PBXFileReference; lastKnownFileType = folder.assetcatalog; path = "Preview Assets.xcassets"; sourceTree = "<group>"; };
		CA83A2BE2BF9B5B800D5C48F /* BriefAdventuresTests.xctest */ = {isa = PBXFileReference; explicitFileType = wrapper.cfbundle; includeInIndex = 0; path = BriefAdventuresTests.xctest; sourceTree = BUILT_PRODUCTS_DIR; };
		CA83A2C22BF9B5B800D5C48F /* BriefAdventuresTests.swift */ = {isa = PBXFileReference; lastKnownFileType = sourcecode.swift; path = BriefAdventuresTests.swift; sourceTree = "<group>"; };
		CA83A2C82BF9B5B800D5C48F /* BriefAdventuresUITests.xctest */ = {isa = PBXFileReference; explicitFileType = wrapper.cfbundle; includeInIndex = 0; path = BriefAdventuresUITests.xctest; sourceTree = BUILT_PRODUCTS_DIR; };
		CA83A2CC2BF9B5B800D5C48F /* BriefAdventuresUITests.swift */ = {isa = PBXFileReference; lastKnownFileType = sourcecode.swift; path = BriefAdventuresUITests.swift; sourceTree = "<group>"; };
		CA83A2CE2BF9B5B800D5C48F /* BriefAdventuresUITestsLaunchTests.swift */ = {isa = PBXFileReference; lastKnownFileType = sourcecode.swift; path = BriefAdventuresUITestsLaunchTests.swift; sourceTree = "<group>"; };
		CA83A2DB2BF9B5C300D5C48F /* RoomView.swift */ = {isa = PBXFileReference; lastKnownFileType = sourcecode.swift; path = RoomView.swift; sourceTree = "<group>"; };
/* End PBXFileReference section */

/* Begin PBXFrameworksBuildPhase section */
		CA83A2A92BF9B5B700D5C48F /* Frameworks */ = {
			isa = PBXFrameworksBuildPhase;
			buildActionMask = 2147483647;
			files = (
			);
			runOnlyForDeploymentPostprocessing = 0;
		};
		CA83A2BB2BF9B5B800D5C48F /* Frameworks */ = {
			isa = PBXFrameworksBuildPhase;
			buildActionMask = 2147483647;
			files = (
			);
			runOnlyForDeploymentPostprocessing = 0;
		};
		CA83A2C52BF9B5B800D5C48F /* Frameworks */ = {
			isa = PBXFrameworksBuildPhase;
			buildActionMask = 2147483647;
			files = (
			);
			runOnlyForDeploymentPostprocessing = 0;
		};
/* End PBXFrameworksBuildPhase section */

/* Begin PBXGroup section */
		CA83A2A32BF9B5B700D5C48F = {
			isa = PBXGroup;
			children = (
				CA83A2AE2BF9B5B700D5C48F /* BriefAdventures */,
				CA83A2C12BF9B5B800D5C48F /* BriefAdventuresTests */,
				CA83A2CB2BF9B5B800D5C48F /* BriefAdventuresUITests */,
				CA83A2AD2BF9B5B700D5C48F /* Products */,
			);
			sourceTree = "<group>";
		};
		CA83A2AD2BF9B5B700D5C48F /* Products */ = {
			isa = PBXGroup;
			children = (
				CA83A2AC2BF9B5B700D5C48F /* BriefAdventures.app */,
				CA83A2BE2BF9B5B800D5C48F /* BriefAdventuresTests.xctest */,
				CA83A2C82BF9B5B800D5C48F /* BriefAdventuresUITests.xctest */,
			);
			name = Products;
			sourceTree = "<group>";
		};
		CA83A2AE2BF9B5B700D5C48F /* BriefAdventures */ = {
			isa = PBXGroup;
			children = (
				CA83A2AF2BF9B5B700D5C48F /* BriefAdventuresApp.swift */,
				CA83A2B12BF9B5B700D5C48F /* ContentView.swift */,
				CA83A2DB2BF9B5C300D5C48F /* RoomView.swift */,
				CA83A2B32BF9B5B700D5C48F /* Item.swift */,
				CA83A2B52BF9B5B800D5C48F /* Assets.xcassets */,
				CA83A2B72BF9B5B800D5C48F /* Preview Content */,
			);
			path = BriefAdventures;
			sourceTree = "<group>";
		};
		CA83A2B72BF9B5B800D5C48F /* Preview Content */ = {
			isa = PBXGroup;
			children = (
				CA83A2B82BF9B5B800D5C48F /* Preview Assets.xcassets */,
			);
			path = "Preview Content";
			sourceTree = "<group>";
		};
		CA83A2C12BF9B5B800D5C48F /* BriefAdventuresTests */ = {
			isa = PBXGroup;
			children = (
				CA83A2C22BF9B5B800D5C48F /* BriefAdventuresTests.swift */,
			);
			path = BriefAdventuresTests;
			sourceTree = "<group>";
		};
		CA83A2CB2BF9B5B800D5C48F /* BriefAdventuresUITests */ = {
			isa = PBXGroup;
			children = (
				CA83A2CC2BF9B5B800D5C48F /* BriefAdventuresUITests.swift */,
				CA83A2CE2BF9B5B800D5C48F /* BriefAdventuresUITestsLaunchTests.swift */,
			);
			path = BriefAdventuresUITests;
			sourceTree = "<group>";
		};
/* End PBXGroup section */

/* Begin PBXNativeTarget section */
		CA83A2AB2BF9B5B700D5C48F /* BriefAdventures */ = {
			isa = PBXNativeTarget;
			buildConfigurationList = CA83A2D22BF9B5B800D5C48F /* Build configuration list for PBXNativeTarget "BriefAdventures" */;
			buildPhases = (
				CA83A2A82BF9B5B700D5C48F /* Sources */,
				CA83A2A92BF9B5B700D5C48F /* Frameworks */,
				CA83A2AA2BF9B5B700D5C48F /* Resources */,
			);
			buildRules = (
			);
			dependencies = (
			);
			name = BriefAdventures;
			productName = BriefAdventures;
			productReference = CA83A2AC2BF9B5B700D5C48F /* BriefAdventures.app */;
			productType = "com.apple.product-type.application";
		};
		CA83A2BD2BF9B5B800D5C48F /* BriefAdventuresTests */ = {
			isa = PBXNativeTarget;
			buildConfigurationList = CA83A2D52BF9B5B800D5C48F /* Build configuration list for PBXNativeTarget "BriefAdventuresTests" */;
			buildPhases = (
				CA83A2BA2BF9B5B800D5C48F /* Sources */,
				CA83A2BB2BF9B5B800D5C48F /* Frameworks */,
				CA83A2BC2BF9B5B800D5C48F /* Resources */,
			);
			buildRules = (
			);
			dependencies = (
				CA83A2C02BF9B5B800D5C48F /* PBXTargetDependency */,
			);
			name = BriefAdventuresTests;
			productName = BriefAdventuresTests;
			productReference = CA83A2BE2BF9B5B800D5C48F /* BriefAdventuresTests.xctest */;
			productType = "com.apple.product-type.bundle.unit-test";
		};
		CA83A2C72BF9B5B800D5C48F /* BriefAdventuresUITests */ = {
			isa = PBXNativeTarget;
			buildConfigurationList = CA83A2D82BF9B5B800D5C48F /* Build configuration list for PBXNativeTarget "BriefAdventuresUITests" */;
			buildPhases = (
				CA83A2C42BF9B5B800D5C48F /* Sources */,
				CA83A2C52BF9B5B800D5C48F /* Frameworks */,
				CA83A2C62BF9B5B800D5C48F /* Resources */,
			);
			buildRules = (
			);
			dependencies = (
				CA83A2CA2BF9B5B800D5C48F /* PBXTargetDependency */,
			);
			name = BriefAdventuresUITests;
			productName = BriefAdventuresUITests;
			productReference = CA83A2C82BF9B5B800D5C48F /* BriefAdventuresUITests.xctest */;
			productType = "com.apple.product-type.bundle.ui-testing";
		};
/* End PBXNativeTarget section */

/* Begin PBXProject section */
		CA83A2A42BF9B5B700D5C48F /* Project object */ = {
			isa = PBXProject;
			attributes = {
				BuildIndependentTargetsInParallel = 1;
				LastSwiftUpdateCheck = 1530;
				LastUpgradeCheck = 1530;
				TargetAttributes = {
					CA83A2AB2BF9B5B700D5C48F = {
						CreatedOnToolsVersion = 15.3;
					};
					CA83A2BD2BF9B5B800D5C48F = {
						CreatedOnToolsVersion = 15.3;
						TestTargetID = CA83A2AB2BF9B5B700D5C48F;
					};
					CA83A2C72BF9B5B800D5C48F = {
						CreatedOnToolsVersion = 15.3;
						TestTargetID = CA83A2AB2BF9B5B700D5C48F;
					};
				};
			};
			buildConfigurationList = CA83A2A72BF9B5B700D5C48F /* Build configuration list for PBXProject "BriefAdventures" */;
			compatibilityVersion = "Xcode 14.0";
			developmentRegion = en;
			hasScannedForEncodings = 0;
			knownRegions = (
				en,
				Base,
			);
			mainGroup = CA83A2A32BF9B5B700D5C48F;
			productRefGroup = CA83A2AD2BF9B5B700D5C48F /* Products */;
			projectDirPath = "";
			projectRoot = "";
			targets = (
				CA83A2AB2BF9B5B700D5C48F /* BriefAdventures */,
				CA83A2BD2BF9B5B800D5C48F /* BriefAdventuresTests */,
				CA83A2C72BF9B5B800D5C48F /* BriefAdventuresUITests */,
			);
		};
/* End PBXProject section */

/* Begin PBXResourcesBuildPhase section */
		CA83A2AA2BF9B5B700D5C48F /* Resources */ = {
			isa = PBXResourcesBuildPhase;
			buildActionMask = 2147483647;
			files = (
				CA83A2B92BF9B5B800D5C48F /* Preview Assets.xcassets in Resources */,
				CA83A2B62BF9B5B800D5C48F /* Assets.xcassets in Resources */,
			);
			runOnlyForDeploymentPostprocessing = 0;
		};
		CA83A2BC2BF9B5B800D5C48F /* Resources */ = {
			isa = PBXResourcesBuildPhase;
			buildActionMask = 2147483647;
			files = (
			);
			runOnlyForDeploymentPostprocessing = 0;
		};
		CA83A2C62BF9B5B800D5C48F /* Resources */ = {
			isa = PBXResourcesBuildPhase;
			buildActionMask = 2147483647;
			files = (
			);
			runOnlyForDeploymentPostprocessing = 0;
		};
/* End PBXResourcesBuildPhase section */

/* Begin PBXSourcesBuildPhase section */
		CA83A2A82BF9B5B700D5C48F /* Sources */ = {
			isa = PBXSourcesBuildPhase;
			buildActionMask = 2147483647;
			files = (
				CA83A2B22BF9B5B700D5C48F /* ContentView.swift in Sources */,
				CA83A2DC2BF9B5C300D5C48F /* RoomView.swift in Sources */,
				CA83A2B42BF9B5B700D5C48F /* Item.swift in Sources */,
				CA83A2B02BF9B5B700D5C48F /* BriefAdventuresApp.swift in Sources */,
			);
			runOnlyForDeploymentPostprocessing = 0;
		};
		CA83A2BA2BF9B5B800D5C48F /* Sources */ = {
			isa = PBXSourcesBuildPhase;
			buildActionMask = 2147483647;
			files = (
				CA83A2C32BF9B5B800D5C48F /* BriefAdventuresTests.swift in Sources */,
			);
			runOnlyForDeploymentPostprocessing = 0;
		};
		CA83A2C42BF9B5B800D5C48F /* Sources */ = {
			isa = PBXSourcesBuildPhase;
			buildActionMask = 2147483647;
			files = (
				CA83A2CF2BF9B5B800D5C48F /* BriefAdventuresUITestsLaunchTests.swift in Sources */,
				CA83A2CD2BF9B5B800D5C48F /* BriefAdventuresUITests.swift in Sources */,
			);
			runOnlyForDeploymentPostprocessing = 0;
		};
/* End PBXSourcesBuildPhase section */

/* Begin PBXTargetDependency section */
		CA83A2C02BF9B5B800D5C48F /* PBXTargetDependency */ = {
			isa = PBXTargetDependency;
			target = CA83A2AB2BF9B5B700D5C48F /* BriefAdventures */;
			targetProxy = CA83A2BF2BF9B5B800D5C48F /* PBXContainerItemProxy */;
		};
		CA83A2CA2BF9B5B800D5C48F /* PBXTargetDependency */ = {
			isa = PBXTargetDependency;
			target = CA83A2AB2BF9B5B700D5C48F /* BriefAdventures */;
			targetProxy = CA83A2C92BF9B5B800D5C48F /* PBXContainerItemProxy */;
		};
/* End PBXTargetDependency section */

/* Begin XCBuildConfiguration section */
		CA83A2D02BF9B5B800D5C48F /* Debug */ = {
			isa = XCBuildConfiguration;
			buildSettings = {
				ALWAYS_SEARCH_USER_PATHS = NO;
				ASSETCATALOG_COMPILER_GENERATE_SWIFT_ASSET_SYMBOL_EXTENSIONS = YES;
				CLANG_ANALYZER_NONNULL = YES;
				CLANG_ANALYZER_NUMBER_OBJECT_CONVERSION = YES_AGGRESSIVE;
				CLANG_CXX_LANGUAGE_STANDARD = "gnu++20";
				CLANG_ENABLE_MODULES = YES;
				CLANG_ENABLE_OBJC_ARC = YES;
				CLANG_ENABLE_OBJC_WEAK = YES;
				CLANG_WARN_BLOCK_CAPTURE_AUTORELEASING = YES;
				CLANG_WARN_BOOL_CONVERSION = YES;
				CLANG_WARN_COMMA = YES;
				CLANG_WARN_CONSTANT_CONVERSION = YES;
				CLANG_WARN_DEPRECATED_OBJC_IMPLEMENTATIONS = YES;
				CLANG_WARN_DIRECT_OBJC_ISA_USAGE = YES_ERROR;
				CLANG_WARN_DOCUMENTATION_COMMENTS = YES;
				CLANG_WARN_EMPTY_BODY = YES;
				CLANG_WARN_ENUM_CONVERSION = YES;
				CLANG_WARN_INFINITE_RECURSION = YES;
				CLANG_WARN_INT_CONVERSION = YES;
				CLANG_WARN_NON_LITERAL_NULL_CONVERSION = YES;
				CLANG_WARN_OBJC_IMPLICIT_RETAIN_SELF = YES;
				CLANG_WARN_OBJC_LITERAL_CONVERSION = YES;
				CLANG_WARN_OBJC_ROOT_CLASS = YES_ERROR;
				CLANG_WARN_QUOTED_INCLUDE_IN_FRAMEWORK_HEADER = YES;
				CLANG_WARN_RANGE_LOOP_ANALYSIS = YES;
				CLANG_WARN_STRICT_PROTOTYPES = YES;
				CLANG_WARN_SUSPICIOUS_MOVE = YES;
				CLANG_WARN_UNGUARDED_AVAILABILITY = YES_AGGRESSIVE;
				CLANG_WARN_UNREACHABLE_CODE = YES;
				CLANG_WARN__DUPLICATE_METHOD_MATCH = YES;
				COPY_PHASE_STRIP = NO;
				DEBUG_INFORMATION_FORMAT = dwarf;
				ENABLE_STRICT_OBJC_MSGSEND = YES;
				ENABLE_TESTABILITY = YES;
				ENABLE_USER_SCRIPT_SANDBOXING = YES;
				GCC_C_LANGUAGE_STANDARD = gnu17;
				GCC_DYNAMIC_NO_PIC = NO;
				GCC_NO_COMMON_BLOCKS = YES;
				GCC_OPTIMIZATION_LEVEL = 0;
				GCC_PREPROCESSOR_DEFINITIONS = (
					"DEBUG=1",
					"$(inherited)",
				);
				GCC_WARN_64_TO_32_BIT_CONVERSION = YES;
				GCC_WARN_ABOUT_RETURN_TYPE = YES_ERROR;
				GCC_WARN_UNDECLARED_SELECTOR = YES;
				GCC_WARN_UNINITIALIZED_AUTOS = YES_AGGRESSIVE;
				GCC_WARN_UNUSED_FUNCTION = YES;
				GCC_WARN_UNUSED_VARIABLE = YES;
				IPHONEOS_DEPLOYMENT_TARGET = 17.4;
				LOCALIZATION_PREFERS_STRING_CATALOGS = YES;
				MTL_ENABLE_DEBUG_INFO = INCLUDE_SOURCE;
				MTL_FAST_MATH = YES;
				ONLY_ACTIVE_ARCH = YES;
				SDKROOT = iphoneos;
				SWIFT_ACTIVE_COMPILATION_CONDITIONS = "DEBUG $(inherited)";
				SWIFT_OPTIMIZATION_LEVEL = "-Onone";
			};
			name = Debug;
		};
		CA83A2D12BF9B5B800D5C48F /* Release */ = {
			isa = XCBuildConfiguration;
			buildSettings = {
				ALWAYS_SEARCH_USER_PATHS = NO;
				ASSETCATALOG_COMPILER_GENERATE_SWIFT_ASSET_SYMBOL_EXTENSIONS = YES;
				CLANG_ANALYZER_NONNULL = YES;
				CLANG_ANALYZER_NUMBER_OBJECT_CONVERSION = YES_AGGRESSIVE;
				CLANG_CXX_LANGUAGE_STANDARD = "gnu++20";
				CLANG_ENABLE_MODULES = YES;
				CLANG_ENABLE_OBJC_ARC = YES;
				CLANG_ENABLE_OBJC_WEAK = YES;
				CLANG_WARN_BLOCK_CAPTURE_AUTORELEASING = YES;
				CLANG_WARN_BOOL_CONVERSION = YES;
				CLANG_WARN_COMMA = YES;
				CLANG_WARN_CONSTANT_CONVERSION = YES;
				CLANG_WARN_DEPRECATED_OBJC_IMPLEMENTATIONS = YES;
				CLANG_WARN_DIRECT_OBJC_ISA_USAGE = YES_ERROR;
				CLANG_WARN_DOCUMENTATION_COMMENTS = YES;
				CLANG_WARN_EMPTY_BODY = YES;
				CLANG_WARN_ENUM_CONVERSION = YES;
				CLANG_WARN_INFINITE_RECURSION = YES;
				CLANG_WARN_INT_CONVERSION = YES;
				CLANG_WARN_NON_LITERAL_NULL_CONVERSION = YES;
				CLANG_WARN_OBJC_IMPLICIT_RETAIN_SELF = YES;
				CLANG_WARN_OBJC_LITERAL_CONVERSION = YES;
				CLANG_WARN_OBJC_ROOT_CLASS = YES_ERROR;
				CLANG_WARN_QUOTED_INCLUDE_IN_FRAMEWORK_HEADER = YES;
				CLANG_WARN_RANGE_LOOP_ANALYSIS = YES;
				CLANG_WARN_STRICT_PROTOTYPES = YES;
				CLANG_WARN_SUSPICIOUS_MOVE = YES;
				CLANG_WARN_UNGUARDED_AVAILABILITY = YES_AGGRESSIVE;
				CLANG_WARN_UNREACHABLE_CODE = YES;
				CLANG_WARN__DUPLICATE_METHOD_MATCH = YES;
				COPY_PHASE_STRIP = NO;
				DEBUG_INFORMATION_FORMAT = "dwarf-with-dsym";
				ENABLE_NS_ASSERTIONS = NO;
				ENABLE_STRICT_OBJC_MSGSEND = YES;
				ENABLE_USER_SCRIPT_SANDBOXING = YES;
				GCC_C_LANGUAGE_STANDARD = gnu17;
				GCC_NO_COMMON_BLOCKS = YES;
				GCC_WARN_64_TO_32_BIT_CONVERSION = YES;
				GCC_WARN_ABOUT_RETURN_TYPE = YES_ERROR;
				GCC_WARN_UNDECLARED_SELECTOR = YES;
				GCC_WARN_UNINITIALIZED_AUTOS = YES_AGGRESSIVE;
				GCC_WARN_UNUSED_FUNCTION = YES;
				GCC_WARN_UNUSED_VARIABLE = YES;
				IPHONEOS_DEPLOYMENT_TARGET = 17.4;
				LOCALIZATION_PREFERS_STRING_CATALOGS = YES;
				MTL_ENABLE_DEBUG_INFO = NO;
				MTL_FAST_MATH = YES;
				SDKROOT = iphoneos;
				SWIFT_COMPILATION_MODE = wholemodule;
				VALIDATE_PRODUCT = YES;
			};
			name = Release;
		};
		CA83A2D32BF9B5B800D5C48F /* Debug */ = {
			isa = XCBuildConfiguration;
			buildSettings = {
				ASSETCATALOG_COMPILER_APPICON_NAME = AppIcon;
				ASSETCATALOG_COMPILER_GLOBAL_ACCENT_COLOR_NAME = AccentColor;
				CODE_SIGN_STYLE = Automatic;
				CURRENT_PROJECT_VERSION = 1;
				DEVELOPMENT_ASSET_PATHS = "\"BriefAdventures/Preview Content\"";
				DEVELOPMENT_TEAM = 83Z22V6XMU;
				ENABLE_PREVIEWS = YES;
				GENERATE_INFOPLIST_FILE = YES;
				INFOPLIST_KEY_UIApplicationSceneManifest_Generation = YES;
				INFOPLIST_KEY_UIApplicationSupportsIndirectInputEvents = YES;
				INFOPLIST_KEY_UILaunchScreen_Generation = YES;
				INFOPLIST_KEY_UISupportedInterfaceOrientations_iPad = "UIInterfaceOrientationPortrait UIInterfaceOrientationPortraitUpsideDown UIInterfaceOrientationLandscapeLeft UIInterfaceOrientationLandscapeRight";
				INFOPLIST_KEY_UISupportedInterfaceOrientations_iPhone = "UIInterfaceOrientationPortrait UIInterfaceOrientationLandscapeLeft UIInterfaceOrientationLandscapeRight";
				LD_RUNPATH_SEARCH_PATHS = (
					"$(inherited)",
					"@executable_path/Frameworks",
				);
				MARKETING_VERSION = 1.0;
				PRODUCT_BUNDLE_IDENTIFIER = com.conner.yoon.BriefAdventures;
				PRODUCT_NAME = "$(TARGET_NAME)";
				SWIFT_EMIT_LOC_STRINGS = YES;
				SWIFT_VERSION = 5.0;
				TARGETED_DEVICE_FAMILY = "1,2";
			};
			name = Debug;
		};
		CA83A2D42BF9B5B800D5C48F /* Release */ = {
			isa = XCBuildConfiguration;
			buildSettings = {
				ASSETCATALOG_COMPILER_APPICON_NAME = AppIcon;
				ASSETCATALOG_COMPILER_GLOBAL_ACCENT_COLOR_NAME = AccentColor;
				CODE_SIGN_STYLE = Automatic;
				CURRENT_PROJECT_VERSION = 1;
				DEVELOPMENT_ASSET_PATHS = "\"BriefAdventures/Preview Content\"";
				DEVELOPMENT_TEAM = 83Z22V6XMU;
				ENABLE_PREVIEWS = YES;
				GENERATE_INFOPLIST_FILE = YES;
				INFOPLIST_KEY_UIApplicationSceneManifest_Generation = YES;
				INFOPLIST_KEY_UIApplicationSupportsIndirectInputEvents = YES;
				INFOPLIST_KEY_UILaunchScreen_Generation = YES;
				INFOPLIST_KEY_UISupportedInterfaceOrientations_iPad = "UIInterfaceOrientationPortrait UIInterfaceOrientationPortraitUpsideDown UIInterfaceOrientationLandscapeLeft UIInterfaceOrientationLandscapeRight";
				INFOPLIST_KEY_UISupportedInterfaceOrientations_iPhone = "UIInterfaceOrientationPortrait UIInterfaceOrientationLandscapeLeft UIInterfaceOrientationLandscapeRight";
				LD_RUNPATH_SEARCH_PATHS = (
					"$(inherited)",
					"@executable_path/Frameworks",
				);
				MARKETING_VERSION = 1.0;
				PRODUCT_BUNDLE_IDENTIFIER = com.conner.yoon.BriefAdventures;
				PRODUCT_NAME = "$(TARGET_NAME)";
				SWIFT_EMIT_LOC_STRINGS = YES;
				SWIFT_VERSION = 5.0;
				TARGETED_DEVICE_FAMILY = "1,2";
			};
			name = Release;
		};
		CA83A2D62BF9B5B800D5C48F /* Debug */ = {
			isa = XCBuildConfiguration;
			buildSettings = {
				ALWAYS_EMBED_SWIFT_STANDARD_LIBRARIES = YES;
				BUNDLE_LOADER = "$(TEST_HOST)";
				CODE_SIGN_STYLE = Automatic;
				CURRENT_PROJECT_VERSION = 1;
				DEVELOPMENT_TEAM = 83Z22V6XMU;
				GENERATE_INFOPLIST_FILE = YES;
				IPHONEOS_DEPLOYMENT_TARGET = 17.4;
				MARKETING_VERSION = 1.0;
				PRODUCT_BUNDLE_IDENTIFIER = com.conner.yoon.BriefAdventuresTests;
				PRODUCT_NAME = "$(TARGET_NAME)";
				SWIFT_EMIT_LOC_STRINGS = NO;
				SWIFT_VERSION = 5.0;
				TARGETED_DEVICE_FAMILY = "1,2";
				TEST_HOST = "$(BUILT_PRODUCTS_DIR)/BriefAdventures.app/$(BUNDLE_EXECUTABLE_FOLDER_PATH)/BriefAdventures";
			};
			name = Debug;
		};
		CA83A2D72BF9B5B800D5C48F /* Release */ = {
			isa = XCBuildConfiguration;
			buildSettings = {
				ALWAYS_EMBED_SWIFT_STANDARD_LIBRARIES = YES;
				BUNDLE_LOADER = "$(TEST_HOST)";
				CODE_SIGN_STYLE = Automatic;
				CURRENT_PROJECT_VERSION = 1;
				DEVELOPMENT_TEAM = 83Z22V6XMU;
				GENERATE_INFOPLIST_FILE = YES;
				IPHONEOS_DEPLOYMENT_TARGET = 17.4;
				MARKETING_VERSION = 1.0;
				PRODUCT_BUNDLE_IDENTIFIER = com.conner.yoon.BriefAdventuresTests;
				PRODUCT_NAME = "$(TARGET_NAME)";
				SWIFT_EMIT_LOC_STRINGS = NO;
				SWIFT_VERSION = 5.0;
				TARGETED_DEVICE_FAMILY = "1,2";
				TEST_HOST = "$(BUILT_PRODUCTS_DIR)/BriefAdventures.app/$(BUNDLE_EXECUTABLE_FOLDER_PATH)/BriefAdventures";
			};
			name = Release;
		};
		CA83A2D92BF9B5B800D5C48F /* Debug */ = {
			isa = XCBuildConfiguration;
			buildSettings = {
				ALWAYS_EMBED_SWIFT_STANDARD_LIBRARIES = YES;
				CODE_SIGN_STYLE = Automatic;
				CURRENT_PROJECT_VERSION = 1;
				DEVELOPMENT_TEAM = 83Z22V6XMU;
				GENERATE_INFOPLIST_FILE = YES;
				MARKETING_VERSION = 1.0;
				PRODUCT_BUNDLE_IDENTIFIER = com.conner.yoon.BriefAdventuresUITests;
				PRODUCT_NAME = "$(TARGET_NAME)";
				SWIFT_EMIT_LOC_STRINGS = NO;
				SWIFT_VERSION = 5.0;
				TARGETED_DEVICE_FAMILY = "1,2";
				TEST_TARGET_NAME = BriefAdventures;
			};
			name = Debug;
		};
		CA83A2DA2BF9B5B800D5C48F /* Release */ = {
			isa = XCBuildConfiguration;
			buildSettings = {
				ALWAYS_EMBED_SWIFT_STANDARD_LIBRARIES = YES;
				CODE_SIGN_STYLE = Automatic;
				CURRENT_PROJECT_VERSION = 1;
				DEVELOPMENT_TEAM = 83Z22V6XMU;
				GENERATE_INFOPLIST_FILE = YES;
				MARKETING_VERSION = 1.0;
				PRODUCT_BUNDLE_IDENTIFIER = com.conner.yoon.BriefAdventuresUITests;
				PRODUCT_NAME = "$(TARGET_NAME)";
				SWIFT_EMIT_LOC_STRINGS = NO;
				SWIFT_VERSION = 5.0;
				TARGETED_DEVICE_FAMILY = "1,2";
				TEST_TARGET_NAME = BriefAdventures;
			};
			name = Release;
		};
/* End XCBuildConfiguration section */

/* Begin XCConfigurationList section */
		CA83A2A72BF9B5B700D5C48F /* Build configuration list for PBXProject "BriefAdventures" */ = {
			isa = XCConfigurationList;
			buildConfigurations = (
				CA83A2D02BF9B5B800D5C48F /* Debug */,
				CA83A2D12BF9B5B800D5C48F /* Release */,
			);
			defaultConfigurationIsVisible = 0;
			defaultConfigurationName = Release;
		};
		CA83A2D22BF9B5B800D5C48F /* Build configuration list for PBXNativeTarget "BriefAdventures" */ = {
			isa = XCConfigurationList;
			buildConfigurations = (
				CA83A2D32BF9B5B800D5C48F /* Debug */,
				CA83A2D42BF9B5B800D5C48F /* Release */,
			);
			defaultConfigurationIsVisible = 0;
			defaultConfigurationName = Release;
		};
		CA83A2D52BF9B5B800D5C48F /* Build configuration list for PBXNativeTarget "BriefAdventuresTests" */ = {
			isa = XCConfigurationList;
			buildConfigurations = (
				CA83A2D62BF9B5B800D5C48F /* Debug */,
				CA83A2D72BF9B5B800D5C48F /* Release */,
			);
			defaultConfigurationIsVisible = 0;
			defaultConfigurationName = Release;
		};
		CA83A2D82BF9B5B800D5C48F /* Build configuration list for PBXNativeTarget "BriefAdventuresUITests" */ = {
			isa = XCConfigurationList;
			buildConfigurations = (
				CA83A2D92BF9B5B800D5C48F /* Debug */,
				CA83A2DA2BF9B5B800D5C48F /* Release */,
			);
			defaultConfigurationIsVisible = 0;
			defaultConfigurationName = Release;
		};
/* End XCConfigurationList section */
	};
	rootObject = CA83A2A42BF9B5B700D5C48F /* Project object */;
}
